
Microsoft Visual Studio Solution File, Format Version 12.00
# Visual Studio 15
VisualStudioVersion = 15.0.28307.168
MinimumVisualStudioVersion = 10.0.40219.1
Project("{2150E333-8FDC-42A3-9474-1A3956D46DE8}") = "Solution Items", "Solution Items", "{8336002F-AEDF-4B81-9120-EC7DBB50AB5A}"
	ProjectSection(SolutionItems) = preProject
		index.html = index.html
	EndProjectSection
EndProject
Project("{2150E333-8FDC-42A3-9474-1A3956D46DE8}") = "stuff", "stuff", "{C3EDA9B9-930A-4B06-8E46-B01493121116}"
	ProjectSection(SolutionItems) = preProject
		stuff\bUtils.js = stuff\bUtils.js
	EndProjectSection
EndProject
Global
	GlobalSection(SolutionProperties) = preSolution
		HideSolutionNode = FALSE
	EndGlobalSection
	GlobalSection(NestedProjects) = preSolution
		{C3EDA9B9-930A-4B06-8E46-B01493121116} = {8336002F-AEDF-4B81-9120-EC7DBB50AB5A}
	EndGlobalSection
	GlobalSection(ExtensibilityGlobals) = postSolution
		SolutionGuid = {C93579F5-F1F7-4DD3-8843-F7C8C99A4C91}
	EndGlobalSection
EndGlobal
